
Microsoft Visual Studio Solution File, Format Version 12.00
# Visual Studio Version 17
VisualStudioVersion = 17.8.34309.116
MinimumVisualStudioVersion = 10.0.40219.1
Project("{9A19103F-16F7-4668-BE54-9A1E7A4F7556}") = "Creos.DatabaseMigration", "Creos.DatabaseMigration\Creos.DatabaseMigration.csproj", "{D834A184-C4AC-4219-988B-0BFC91D8942F}"
EndProject
Project("{9A19103F-16F7-4668-BE54-9A1E7A4F7556}") = "Creos.Database.Test", "Creos.Database.Test\Creos.Database.Test.csproj", "{FEBAC9E4-23EA-4132-A6DB-897EAF49D2DC}"
EndProject
Project("{FAE04EC0-301F-11D3-BF4B-00C04F79EFBC}") = "Creos.DatabaseMigration.Test9_0", "Creos.DatabaseMigration.Test9_0\Creos.DatabaseMigration.Test9_0.csproj", "{C4CDC597-5CA0-4A5E-8A42-BC0BBC701F26}"
EndProject
Global
	GlobalSection(SolutionConfigurationPlatforms) = preSolution
		Debug|Any CPU = Debug|Any CPU
		Release|Any CPU = Release|Any CPU
	EndGlobalSection
	GlobalSection(ProjectConfigurationPlatforms) = postSolution
		{D834A184-C4AC-4219-988B-0BFC91D8942F}.Debug|Any CPU.ActiveCfg = Debug|Any CPU
		{D834A184-C4AC-4219-988B-0BFC91D8942F}.Debug|Any CPU.Build.0 = Debug|Any CPU
		{D834A184-C4AC-4219-988B-0BFC91D8942F}.Release|Any CPU.ActiveCfg = Release|Any CPU
		{D834A184-C4AC-4219-988B-0BFC91D8942F}.Release|Any CPU.Build.0 = Release|Any CPU
		{FEBAC9E4-23EA-4132-A6DB-897EAF49D2DC}.Debug|Any CPU.ActiveCfg = Debug|Any CPU
		{FEBAC9E4-23EA-4132-A6DB-897EAF49D2DC}.Debug|Any CPU.Build.0 = Debug|Any CPU
		{FEBAC9E4-23EA-4132-A6DB-897EAF49D2DC}.Release|Any CPU.ActiveCfg = Release|Any CPU
		{FEBAC9E4-23EA-4132-A6DB-897EAF49D2DC}.Release|Any CPU.Build.0 = Release|Any CPU
		{C4CDC597-5CA0-4A5E-8A42-BC0BBC701F26}.Debug|Any CPU.ActiveCfg = Debug|Any CPU
		{C4CDC597-5CA0-4A5E-8A42-BC0BBC701F26}.Debug|Any CPU.Build.0 = Debug|Any CPU
		{C4CDC597-5CA0-4A5E-8A42-BC0BBC701F26}.Release|Any CPU.ActiveCfg = Release|Any CPU
		{C4CDC597-5CA0-4A5E-8A42-BC0BBC701F26}.Release|Any CPU.Build.0 = Release|Any CPU
	EndGlobalSection
	GlobalSection(SolutionProperties) = preSolution
		HideSolutionNode = FALSE
	EndGlobalSection
	GlobalSection(ExtensibilityGlobals) = postSolution
		SolutionGuid = {9290A9BC-7354-43AC-AB85-0AF325F76197}
	EndGlobalSection
EndGlobal
